// !$*UTF8*$!
{
	archiveVersion = 1;
	classes = {
	};
	objectVersion = 50;
	objects = {

/* Begin PBXBuildFile section */
		4C862FFA25424F5200F4EA66 /* astonMartin@1x.png in Resources */ = {isa = PBXBuildFile; fileRef = 4C862FF725424F5100F4EA66 /* astonMartin@1x.png */; };
		4C862FFB25424F5200F4EA66 /* astonMartin@3x.png in Resources */ = {isa = PBXBuildFile; fileRef = 4C862FF825424F5200F4EA66 /* astonMartin@3x.png */; };
		4C862FFC25424F5200F4EA66 /* astonMartin@2x.png in Resources */ = {isa = PBXBuildFile; fileRef = 4C862FF925424F5200F4EA66 /* astonMartin@2x.png */; };
		4C8630222542516D00F4EA66 /* tesla@2x.png in Resources */ = {isa = PBXBuildFile; fileRef = 4C862FFE2542516400F4EA66 /* tesla@2x.png */; };
		4C8630232542516D00F4EA66 /* audi@2x.png in Resources */ = {isa = PBXBuildFile; fileRef = 4C862FFF2542516400F4EA66 /* audi@2x.png */; };
		4C8630242542516D00F4EA66 /* porsche@3x.png in Resources */ = {isa = PBXBuildFile; fileRef = 4C8630002542516500F4EA66 /* porsche@3x.png */; };
		4C8630252542516D00F4EA66 /* mercedes@3x.png in Resources */ = {isa = PBXBuildFile; fileRef = 4C8630012542516500F4EA66 /* mercedes@3x.png */; };
		4C8630262542516D00F4EA66 /* mercedes@1x.png in Resources */ = {isa = PBXBuildFile; fileRef = 4C8630022542516500F4EA66 /* mercedes@1x.png */; };
		4C8630272542516D00F4EA66 /* ferrari@3x.png in Resources */ = {isa = PBXBuildFile; fileRef = 4C8630032542516500F4EA66 /* ferrari@3x.png */; };
		4C8630282542516D00F4EA66 /* mercedes@2x.png in Resources */ = {isa = PBXBuildFile; fileRef = 4C8630042542516500F4EA66 /* mercedes@2x.png */; };
		4C8630292542516D00F4EA66 /* volkswagen@1x.png in Resources */ = {isa = PBXBuildFile; fileRef = 4C8630052542516500F4EA66 /* volkswagen@1x.png */; };
		4C86302A2542516D00F4EA66 /* landRover@2x.png in Resources */ = {isa = PBXBuildFile; fileRef = 4C8630062542516600F4EA66 /* landRover@2x.png */; };
		4C86302B2542516D00F4EA66 /* audi@3x.png in Resources */ = {isa = PBXBuildFile; fileRef = 4C8630072542516600F4EA66 /* audi@3x.png */; };
		4C86302C2542516D00F4EA66 /* ferrari@2x.png in Resources */ = {isa = PBXBuildFile; fileRef = 4C8630082542516600F4EA66 /* ferrari@2x.png */; };
		4C86302D2542516D00F4EA66 /* lamborghini@3x.png in Resources */ = {isa = PBXBuildFile; fileRef = 4C8630092542516600F4EA66 /* lamborghini@3x.png */; };
		4C86302E2542516D00F4EA66 /* toyota@2x.png in Resources */ = {isa = PBXBuildFile; fileRef = 4C86300A2542516700F4EA66 /* toyota@2x.png */; };
		4C86302F2542516D00F4EA66 /* porsche@2x.png in Resources */ = {isa = PBXBuildFile; fileRef = 4C86300B2542516700F4EA66 /* porsche@2x.png */; };
		4C8630302542516D00F4EA66 /* maserati@3x.png in Resources */ = {isa = PBXBuildFile; fileRef = 4C86300C2542516700F4EA66 /* maserati@3x.png */; };
		4C8630312542516D00F4EA66 /* tesla@1x.png in Resources */ = {isa = PBXBuildFile; fileRef = 4C86300D2542516800F4EA66 /* tesla@1x.png */; };
		4C8630322542516D00F4EA66 /* skoda@3x.png in Resources */ = {isa = PBXBuildFile; fileRef = 4C86300E2542516800F4EA66 /* skoda@3x.png */; };
		4C8630332542516D00F4EA66 /* porsche@1x.png in Resources */ = {isa = PBXBuildFile; fileRef = 4C86300F2542516800F4EA66 /* porsche@1x.png */; };
		4C8630342542516D00F4EA66 /* ferrari@1x.png in Resources */ = {isa = PBXBuildFile; fileRef = 4C8630102542516800F4EA66 /* ferrari@1x.png */; };
		4C8630352542516D00F4EA66 /* audi@1x.png in Resources */ = {isa = PBXBuildFile; fileRef = 4C8630112542516900F4EA66 /* audi@1x.png */; };
		4C8630362542516D00F4EA66 /* maserati@2x.png in Resources */ = {isa = PBXBuildFile; fileRef = 4C8630122542516900F4EA66 /* maserati@2x.png */; };
		4C8630372542516D00F4EA66 /* lamborghini@2x.png in Resources */ = {isa = PBXBuildFile; fileRef = 4C8630132542516900F4EA66 /* lamborghini@2x.png */; };
		4C8630382542516D00F4EA66 /* bmw@3x.png in Resources */ = {isa = PBXBuildFile; fileRef = 4C8630142542516A00F4EA66 /* bmw@3x.png */; };
		4C8630392542516D00F4EA66 /* maserati@1x.png in Resources */ = {isa = PBXBuildFile; fileRef = 4C8630152542516A00F4EA66 /* maserati@1x.png */; };
		4C86303A2542516D00F4EA66 /* toyota@3x.png in Resources */ = {isa = PBXBuildFile; fileRef = 4C8630162542516B00F4EA66 /* toyota@3x.png */; };
		4C86303B2542516D00F4EA66 /* volkswagen@2x.png in Resources */ = {isa = PBXBuildFile; fileRef = 4C8630172542516B00F4EA66 /* volkswagen@2x.png */; };
		4C86303C2542516D00F4EA66 /* tesla@3x.png in Resources */ = {isa = PBXBuildFile; fileRef = 4C8630182542516B00F4EA66 /* tesla@3x.png */; };
		4C86303D2542516D00F4EA66 /* bmw@1x.png in Resources */ = {isa = PBXBuildFile; fileRef = 4C8630192542516B00F4EA66 /* bmw@1x.png */; };
		4C86303E2542516D00F4EA66 /* lamborghini@1x.png in Resources */ = {isa = PBXBuildFile; fileRef = 4C86301A2542516B00F4EA66 /* lamborghini@1x.png */; };
		4C86303F2542516D00F4EA66 /* landRover@3x.png in Resources */ = {isa = PBXBuildFile; fileRef = 4C86301B2542516C00F4EA66 /* landRover@3x.png */; };
		4C8630402542516D00F4EA66 /* volkswagen@3x.png in Resources */ = {isa = PBXBuildFile; fileRef = 4C86301C2542516C00F4EA66 /* volkswagen@3x.png */; };
		4C8630412542516D00F4EA66 /* skoda@2x.png in Resources */ = {isa = PBXBuildFile; fileRef = 4C86301D2542516C00F4EA66 /* skoda@2x.png */; };
		4C8630422542516D00F4EA66 /* toyota@1x.png in Resources */ = {isa = PBXBuildFile; fileRef = 4C86301E2542516C00F4EA66 /* toyota@1x.png */; };
		4C8630432542516D00F4EA66 /* bmw@2x.png in Resources */ = {isa = PBXBuildFile; fileRef = 4C86301F2542516D00F4EA66 /* bmw@2x.png */; };
		4C8630442542516D00F4EA66 /* landRover@1x.png in Resources */ = {isa = PBXBuildFile; fileRef = 4C8630202542516D00F4EA66 /* landRover@1x.png */; };
		4C8630452542516D00F4EA66 /* skoda@1x.png in Resources */ = {isa = PBXBuildFile; fileRef = 4C8630212542516D00F4EA66 /* skoda@1x.png */; };
		4C86304A25425A2900F4EA66 /* CarTableViewCell.swift in Sources */ = {isa = PBXBuildFile; fileRef = 4C86304825425A2900F4EA66 /* CarTableViewCell.swift */; };
		4C86304B25425A2900F4EA66 /* CarTableViewCell.xib in Resources */ = {isa = PBXBuildFile; fileRef = 4C86304925425A2900F4EA66 /* CarTableViewCell.xib */; };
		4CE9ED2F2541A48A0036A04D /* AppDelegate.swift in Sources */ = {isa = PBXBuildFile; fileRef = 4CE9ED2E2541A48A0036A04D /* AppDelegate.swift */; };
		4CE9ED312541A48A0036A04D /* SceneDelegate.swift in Sources */ = {isa = PBXBuildFile; fileRef = 4CE9ED302541A48A0036A04D /* SceneDelegate.swift */; };
		4CE9ED362541A48A0036A04D /* Main.storyboard in Resources */ = {isa = PBXBuildFile; fileRef = 4CE9ED342541A48A0036A04D /* Main.storyboard */; };
		4CE9ED382541A48C0036A04D /* Assets.xcassets in Resources */ = {isa = PBXBuildFile; fileRef = 4CE9ED372541A48C0036A04D /* Assets.xcassets */; };
		4CE9ED3B2541A48C0036A04D /* LaunchScreen.storyboard in Resources */ = {isa = PBXBuildFile; fileRef = 4CE9ED392541A48C0036A04D /* LaunchScreen.storyboard */; };
		4CE9ED4C2541EBB40036A04D /* TableViewController.swift in Sources */ = {isa = PBXBuildFile; fileRef = 4CE9ED4A2541EBB40036A04D /* TableViewController.swift */; };
/* End PBXBuildFile section */

/* Begin PBXFileReference section */
		4C862FF725424F5100F4EA66 /* astonMartin@1x.png */ = {isa = PBXFileReference; lastKnownFileType = image.png; path = "astonMartin@1x.png"; sourceTree = "<group>"; };
		4C862FF825424F5200F4EA66 /* astonMartin@3x.png */ = {isa = PBXFileReference; lastKnownFileType = image.png; path = "astonMartin@3x.png"; sourceTree = "<group>"; };
		4C862FF925424F5200F4EA66 /* astonMartin@2x.png */ = {isa = PBXFileReference; lastKnownFileType = image.png; path = "astonMartin@2x.png"; sourceTree = "<group>"; };
		4C862FFE2542516400F4EA66 /* tesla@2x.png */ = {isa = PBXFileReference; lastKnownFileType = image.png; path = "tesla@2x.png"; sourceTree = "<group>"; };
		4C862FFF2542516400F4EA66 /* audi@2x.png */ = {isa = PBXFileReference; lastKnownFileType = image.png; path = "audi@2x.png"; sourceTree = "<group>"; };
		4C8630002542516500F4EA66 /* porsche@3x.png */ = {isa = PBXFileReference; lastKnownFileType = image.png; path = "porsche@3x.png"; sourceTree = "<group>"; };
		4C8630012542516500F4EA66 /* mercedes@3x.png */ = {isa = PBXFileReference; lastKnownFileType = image.png; path = "mercedes@3x.png"; sourceTree = "<group>"; };
		4C8630022542516500F4EA66 /* mercedes@1x.png */ = {isa = PBXFileReference; lastKnownFileType = image.png; path = "mercedes@1x.png"; sourceTree = "<group>"; };
		4C8630032542516500F4EA66 /* ferrari@3x.png */ = {isa = PBXFileReference; lastKnownFileType = image.png; path = "ferrari@3x.png"; sourceTree = "<group>"; };
		4C8630042542516500F4EA66 /* mercedes@2x.png */ = {isa = PBXFileReference; lastKnownFileType = image.png; path = "mercedes@2x.png"; sourceTree = "<group>"; };
		4C8630052542516500F4EA66 /* volkswagen@1x.png */ = {isa = PBXFileReference; lastKnownFileType = image.png; path = "volkswagen@1x.png"; sourceTree = "<group>"; };
		4C8630062542516600F4EA66 /* landRover@2x.png */ = {isa = PBXFileReference; lastKnownFileType = image.png; path = "landRover@2x.png"; sourceTree = "<group>"; };
		4C8630072542516600F4EA66 /* audi@3x.png */ = {isa = PBXFileReference; lastKnownFileType = image.png; path = "audi@3x.png"; sourceTree = "<group>"; };
		4C8630082542516600F4EA66 /* ferrari@2x.png */ = {isa = PBXFileReference; lastKnownFileType = image.png; path = "ferrari@2x.png"; sourceTree = "<group>"; };
		4C8630092542516600F4EA66 /* lamborghini@3x.png */ = {isa = PBXFileReference; lastKnownFileType = image.png; path = "lamborghini@3x.png"; sourceTree = "<group>"; };
		4C86300A2542516700F4EA66 /* toyota@2x.png */ = {isa = PBXFileReference; lastKnownFileType = image.png; path = "toyota@2x.png"; sourceTree = "<group>"; };
		4C86300B2542516700F4EA66 /* porsche@2x.png */ = {isa = PBXFileReference; lastKnownFileType = image.png; path = "porsche@2x.png"; sourceTree = "<group>"; };
		4C86300C2542516700F4EA66 /* maserati@3x.png */ = {isa = PBXFileReference; lastKnownFileType = image.png; path = "maserati@3x.png"; sourceTree = "<group>"; };
		4C86300D2542516800F4EA66 /* tesla@1x.png */ = {isa = PBXFileReference; lastKnownFileType = image.png; path = "tesla@1x.png"; sourceTree = "<group>"; };
		4C86300E2542516800F4EA66 /* skoda@3x.png */ = {isa = PBXFileReference; lastKnownFileType = image.png; path = "skoda@3x.png"; sourceTree = "<group>"; };
		4C86300F2542516800F4EA66 /* porsche@1x.png */ = {isa = PBXFileReference; lastKnownFileType = image.png; path = "porsche@1x.png"; sourceTree = "<group>"; };
		4C8630102542516800F4EA66 /* ferrari@1x.png */ = {isa = PBXFileReference; lastKnownFileType = image.png; path = "ferrari@1x.png"; sourceTree = "<group>"; };
		4C8630112542516900F4EA66 /* audi@1x.png */ = {isa = PBXFileReference; lastKnownFileType = image.png; path = "audi@1x.png"; sourceTree = "<group>"; };
		4C8630122542516900F4EA66 /* maserati@2x.png */ = {isa = PBXFileReference; lastKnownFileType = image.png; path = "maserati@2x.png"; sourceTree = "<group>"; };
		4C8630132542516900F4EA66 /* lamborghini@2x.png */ = {isa = PBXFileReference; lastKnownFileType = image.png; path = "lamborghini@2x.png"; sourceTree = "<group>"; };
		4C8630142542516A00F4EA66 /* bmw@3x.png */ = {isa = PBXFileReference; lastKnownFileType = image.png; path = "bmw@3x.png"; sourceTree = "<group>"; };
		4C8630152542516A00F4EA66 /* maserati@1x.png */ = {isa = PBXFileReference; lastKnownFileType = image.png; path = "maserati@1x.png"; sourceTree = "<group>"; };
		4C8630162542516B00F4EA66 /* toyota@3x.png */ = {isa = PBXFileReference; lastKnownFileType = image.png; path = "toyota@3x.png"; sourceTree = "<group>"; };
		4C8630172542516B00F4EA66 /* volkswagen@2x.png */ = {isa = PBXFileReference; lastKnownFileType = image.png; path = "volkswagen@2x.png"; sourceTree = "<group>"; };
		4C8630182542516B00F4EA66 /* tesla@3x.png */ = {isa = PBXFileReference; lastKnownFileType = image.png; path = "tesla@3x.png"; sourceTree = "<group>"; };
		4C8630192542516B00F4EA66 /* bmw@1x.png */ = {isa = PBXFileReference; lastKnownFileType = image.png; path = "bmw@1x.png"; sourceTree = "<group>"; };
		4C86301A2542516B00F4EA66 /* lamborghini@1x.png */ = {isa = PBXFileReference; lastKnownFileType = image.png; path = "lamborghini@1x.png"; sourceTree = "<group>"; };
		4C86301B2542516C00F4EA66 /* landRover@3x.png */ = {isa = PBXFileReference; lastKnownFileType = image.png; path = "landRover@3x.png"; sourceTree = "<group>"; };
		4C86301C2542516C00F4EA66 /* volkswagen@3x.png */ = {isa = PBXFileReference; lastKnownFileType = image.png; path = "volkswagen@3x.png"; sourceTree = "<group>"; };
		4C86301D2542516C00F4EA66 /* skoda@2x.png */ = {isa = PBXFileReference; lastKnownFileType = image.png; path = "skoda@2x.png"; sourceTree = "<group>"; };
		4C86301E2542516C00F4EA66 /* toyota@1x.png */ = {isa = PBXFileReference; lastKnownFileType = image.png; path = "toyota@1x.png"; sourceTree = "<group>"; };
		4C86301F2542516D00F4EA66 /* bmw@2x.png */ = {isa = PBXFileReference; lastKnownFileType = image.png; path = "bmw@2x.png"; sourceTree = "<group>"; };
		4C8630202542516D00F4EA66 /* landRover@1x.png */ = {isa = PBXFileReference; lastKnownFileType = image.png; path = "landRover@1x.png"; sourceTree = "<group>"; };
		4C8630212542516D00F4EA66 /* skoda@1x.png */ = {isa = PBXFileReference; lastKnownFileType = image.png; path = "skoda@1x.png"; sourceTree = "<group>"; };
		4C86304825425A2900F4EA66 /* CarTableViewCell.swift */ = {isa = PBXFileReference; lastKnownFileType = sourcecode.swift; path = CarTableViewCell.swift; sourceTree = "<group>"; };
		4C86304925425A2900F4EA66 /* CarTableViewCell.xib */ = {isa = PBXFileReference; lastKnownFileType = file.xib; path = CarTableViewCell.xib; sourceTree = "<group>"; };
		4CE9ED2B2541A48A0036A04D /* CarListApp.app */ = {isa = PBXFileReference; explicitFileType = wrapper.application; includeInIndex = 0; path = CarListApp.app; sourceTree = BUILT_PRODUCTS_DIR; };
		4CE9ED2E2541A48A0036A04D /* AppDelegate.swift */ = {isa = PBXFileReference; lastKnownFileType = sourcecode.swift; path = AppDelegate.swift; sourceTree = "<group>"; };
		4CE9ED302541A48A0036A04D /* SceneDelegate.swift */ = {isa = PBXFileReference; lastKnownFileType = sourcecode.swift; path = SceneDelegate.swift; sourceTree = "<group>"; };
		4CE9ED352541A48A0036A04D /* Base */ = {isa = PBXFileReference; lastKnownFileType = file.storyboard; name = Base; path = Base.lproj/Main.storyboard; sourceTree = "<group>"; };
		4CE9ED372541A48C0036A04D /* Assets.xcassets */ = {isa = PBXFileReference; lastKnownFileType = folder.assetcatalog; path = Assets.xcassets; sourceTree = "<group>"; };
		4CE9ED3A2541A48C0036A04D /* Base */ = {isa = PBXFileReference; lastKnownFileType = file.storyboard; name = Base; path = Base.lproj/LaunchScreen.storyboard; sourceTree = "<group>"; };
		4CE9ED3C2541A48C0036A04D /* Info.plist */ = {isa = PBXFileReference; lastKnownFileType = text.plist.xml; path = Info.plist; sourceTree = "<group>"; };
		4CE9ED4A2541EBB40036A04D /* TableViewController.swift */ = {isa = PBXFileReference; lastKnownFileType = sourcecode.swift; name = TableViewController.swift; path = CarListApp/Controllers/TableViewController.swift; sourceTree = SOURCE_ROOT; };
/* End PBXFileReference section */

/* Begin PBXFrameworksBuildPhase section */
		4CE9ED282541A48A0036A04D /* Frameworks */ = {
			isa = PBXFrameworksBuildPhase;
			buildActionMask = 2147483647;
			files = (
			);
			runOnlyForDeploymentPostprocessing = 0;
		};
/* End PBXFrameworksBuildPhase section */

/* Begin PBXGroup section */
		4C862FE625424B3300F4EA66 /* file_images */ = {
			isa = PBXGroup;
			children = (
				4C8630112542516900F4EA66 /* audi@1x.png */,
				4C862FFF2542516400F4EA66 /* audi@2x.png */,
				4C8630072542516600F4EA66 /* audi@3x.png */,
				4C8630192542516B00F4EA66 /* bmw@1x.png */,
				4C86301F2542516D00F4EA66 /* bmw@2x.png */,
				4C8630142542516A00F4EA66 /* bmw@3x.png */,
				4C8630102542516800F4EA66 /* ferrari@1x.png */,
				4C8630082542516600F4EA66 /* ferrari@2x.png */,
				4C8630032542516500F4EA66 /* ferrari@3x.png */,
				4C86301A2542516B00F4EA66 /* lamborghini@1x.png */,
				4C8630132542516900F4EA66 /* lamborghini@2x.png */,
				4C8630092542516600F4EA66 /* lamborghini@3x.png */,
				4C8630202542516D00F4EA66 /* landRover@1x.png */,
				4C8630062542516600F4EA66 /* landRover@2x.png */,
				4C86301B2542516C00F4EA66 /* landRover@3x.png */,
				4C8630152542516A00F4EA66 /* maserati@1x.png */,
				4C8630122542516900F4EA66 /* maserati@2x.png */,
				4C86300C2542516700F4EA66 /* maserati@3x.png */,
				4C8630022542516500F4EA66 /* mercedes@1x.png */,
				4C8630042542516500F4EA66 /* mercedes@2x.png */,
				4C8630012542516500F4EA66 /* mercedes@3x.png */,
				4C86300F2542516800F4EA66 /* porsche@1x.png */,
				4C86300B2542516700F4EA66 /* porsche@2x.png */,
				4C8630002542516500F4EA66 /* porsche@3x.png */,
				4C8630212542516D00F4EA66 /* skoda@1x.png */,
				4C86301D2542516C00F4EA66 /* skoda@2x.png */,
				4C86300E2542516800F4EA66 /* skoda@3x.png */,
				4C86300D2542516800F4EA66 /* tesla@1x.png */,
				4C862FFE2542516400F4EA66 /* tesla@2x.png */,
				4C8630182542516B00F4EA66 /* tesla@3x.png */,
				4C86301E2542516C00F4EA66 /* toyota@1x.png */,
				4C86300A2542516700F4EA66 /* toyota@2x.png */,
				4C8630162542516B00F4EA66 /* toyota@3x.png */,
				4C8630052542516500F4EA66 /* volkswagen@1x.png */,
				4C8630172542516B00F4EA66 /* volkswagen@2x.png */,
				4C86301C2542516C00F4EA66 /* volkswagen@3x.png */,
				4C862FF725424F5100F4EA66 /* astonMartin@1x.png */,
				4C862FF925424F5200F4EA66 /* astonMartin@2x.png */,
				4C862FF825424F5200F4EA66 /* astonMartin@3x.png */,
			);
			path = file_images;
			sourceTree = "<group>";
		};
		4CE9ED222541A48A0036A04D = {
			isa = PBXGroup;
			children = (
				4CE9ED2D2541A48A0036A04D /* CarListApp */,
				4CE9ED2C2541A48A0036A04D /* Products */,
			);
			sourceTree = "<group>";
		};
		4CE9ED2C2541A48A0036A04D /* Products */ = {
			isa = PBXGroup;
			children = (
				4CE9ED2B2541A48A0036A04D /* CarListApp.app */,
			);
			name = Products;
			sourceTree = "<group>";
		};
		4CE9ED2D2541A48A0036A04D /* CarListApp */ = {
			isa = PBXGroup;
			children = (
				4CE9ED462541E78F0036A04D /* Views */,
				4CE9ED452541E7830036A04D /* Controllers */,
				4CE9ED2E2541A48A0036A04D /* AppDelegate.swift */,
				4CE9ED302541A48A0036A04D /* SceneDelegate.swift */,
				4CE9ED372541A48C0036A04D /* Assets.xcassets */,
				4CE9ED392541A48C0036A04D /* LaunchScreen.storyboard */,
				4CE9ED3C2541A48C0036A04D /* Info.plist */,
				4C862FE625424B3300F4EA66 /* file_images */,
			);
			path = CarListApp;
			sourceTree = "<group>";
		};
		4CE9ED452541E7830036A04D /* Controllers */ = {
			isa = PBXGroup;
			children = (
				4CE9ED4A2541EBB40036A04D /* TableViewController.swift */,
				4C86304825425A2900F4EA66 /* CarTableViewCell.swift */,
			);
			path = Controllers;
			sourceTree = "<group>";
		};
		4CE9ED462541E78F0036A04D /* Views */ = {
			isa = PBXGroup;
			children = (
				4CE9ED342541A48A0036A04D /* Main.storyboard */,
				4C86304925425A2900F4EA66 /* CarTableViewCell.xib */,
			);
			path = Views;
			sourceTree = "<group>";
		};
/* End PBXGroup section */

/* Begin PBXNativeTarget section */
		4CE9ED2A2541A48A0036A04D /* CarListApp */ = {
			isa = PBXNativeTarget;
			buildConfigurationList = 4CE9ED3F2541A48C0036A04D /* Build configuration list for PBXNativeTarget "CarListApp" */;
			buildPhases = (
				4CE9ED272541A48A0036A04D /* Sources */,
				4CE9ED282541A48A0036A04D /* Frameworks */,
				4CE9ED292541A48A0036A04D /* Resources */,
			);
			buildRules = (
			);
			dependencies = (
			);
			name = CarListApp;
			productName = CarListApp;
			productReference = 4CE9ED2B2541A48A0036A04D /* CarListApp.app */;
			productType = "com.apple.product-type.application";
		};
/* End PBXNativeTarget section */

/* Begin PBXProject section */
		4CE9ED232541A48A0036A04D /* Project object */ = {
			isa = PBXProject;
			attributes = {
				LastSwiftUpdateCheck = 1210;
				LastUpgradeCheck = 1210;
				TargetAttributes = {
					4CE9ED2A2541A48A0036A04D = {
						CreatedOnToolsVersion = 12.1;
					};
				};
			};
			buildConfigurationList = 4CE9ED262541A48A0036A04D /* Build configuration list for PBXProject "CarListApp" */;
			compatibilityVersion = "Xcode 9.3";
			developmentRegion = en;
			hasScannedForEncodings = 0;
			knownRegions = (
				en,
				Base,
			);
			mainGroup = 4CE9ED222541A48A0036A04D;
			productRefGroup = 4CE9ED2C2541A48A0036A04D /* Products */;
			projectDirPath = "";
			projectRoot = "";
			targets = (
				4CE9ED2A2541A48A0036A04D /* CarListApp */,
			);
		};
/* End PBXProject section */

/* Begin PBXResourcesBuildPhase section */
		4CE9ED292541A48A0036A04D /* Resources */ = {
			isa = PBXResourcesBuildPhase;
			buildActionMask = 2147483647;
			files = (
				4C86302D2542516D00F4EA66 /* lamborghini@3x.png in Resources */,
				4C8630282542516D00F4EA66 /* mercedes@2x.png in Resources */,
				4C8630382542516D00F4EA66 /* bmw@3x.png in Resources */,
				4C8630392542516D00F4EA66 /* maserati@1x.png in Resources */,
				4C8630412542516D00F4EA66 /* skoda@2x.png in Resources */,
				4C8630292542516D00F4EA66 /* volkswagen@1x.png in Resources */,
				4C862FFB25424F5200F4EA66 /* astonMartin@3x.png in Resources */,
				4C8630322542516D00F4EA66 /* skoda@3x.png in Resources */,
				4C86303B2542516D00F4EA66 /* volkswagen@2x.png in Resources */,
				4CE9ED3B2541A48C0036A04D /* LaunchScreen.storyboard in Resources */,
				4C8630242542516D00F4EA66 /* porsche@3x.png in Resources */,
				4C8630402542516D00F4EA66 /* volkswagen@3x.png in Resources */,
				4C8630342542516D00F4EA66 /* ferrari@1x.png in Resources */,
				4C8630332542516D00F4EA66 /* porsche@1x.png in Resources */,
				4C86303A2542516D00F4EA66 /* toyota@3x.png in Resources */,
				4C86303C2542516D00F4EA66 /* tesla@3x.png in Resources */,
				4C8630232542516D00F4EA66 /* audi@2x.png in Resources */,
				4C8630222542516D00F4EA66 /* tesla@2x.png in Resources */,
				4C8630432542516D00F4EA66 /* bmw@2x.png in Resources */,
				4C862FFA25424F5200F4EA66 /* astonMartin@1x.png in Resources */,
				4C8630302542516D00F4EA66 /* maserati@3x.png in Resources */,
				4C86302C2542516D00F4EA66 /* ferrari@2x.png in Resources */,
				4C8630362542516D00F4EA66 /* maserati@2x.png in Resources */,
				4C86303F2542516D00F4EA66 /* landRover@3x.png in Resources */,
				4C8630312542516D00F4EA66 /* tesla@1x.png in Resources */,
				4C86302E2542516D00F4EA66 /* toyota@2x.png in Resources */,
				4C8630422542516D00F4EA66 /* toyota@1x.png in Resources */,
				4CE9ED382541A48C0036A04D /* Assets.xcassets in Resources */,
				4C862FFC25424F5200F4EA66 /* astonMartin@2x.png in Resources */,
				4C86302A2542516D00F4EA66 /* landRover@2x.png in Resources */,
				4C8630452542516D00F4EA66 /* skoda@1x.png in Resources */,
				4C8630272542516D00F4EA66 /* ferrari@3x.png in Resources */,
				4CE9ED362541A48A0036A04D /* Main.storyboard in Resources */,
				4C86303D2542516D00F4EA66 /* bmw@1x.png in Resources */,
				4C8630372542516D00F4EA66 /* lamborghini@2x.png in Resources */,
				4C8630442542516D00F4EA66 /* landRover@1x.png in Resources */,
				4C86304B25425A2900F4EA66 /* CarTableViewCell.xib in Resources */,
				4C86302B2542516D00F4EA66 /* audi@3x.png in Resources */,
				4C8630252542516D00F4EA66 /* mercedes@3x.png in Resources */,
				4C86302F2542516D00F4EA66 /* porsche@2x.png in Resources */,
				4C8630262542516D00F4EA66 /* mercedes@1x.png in Resources */,
				4C86303E2542516D00F4EA66 /* lamborghini@1x.png in Resources */,
				4C8630352542516D00F4EA66 /* audi@1x.png in Resources */,
			);
			runOnlyForDeploymentPostprocessing = 0;
		};
/* End PBXResourcesBuildPhase section */

/* Begin PBXSourcesBuildPhase section */
		4CE9ED272541A48A0036A04D /* Sources */ = {
			isa = PBXSourcesBuildPhase;
			buildActionMask = 2147483647;
			files = (
				4CE9ED2F2541A48A0036A04D /* AppDelegate.swift in Sources */,
				4CE9ED4C2541EBB40036A04D /* TableViewController.swift in Sources */,
				4C86304A25425A2900F4EA66 /* CarTableViewCell.swift in Sources */,
				4CE9ED312541A48A0036A04D /* SceneDelegate.swift in Sources */,
			);
			runOnlyForDeploymentPostprocessing = 0;
		};
/* End PBXSourcesBuildPhase section */

/* Begin PBXVariantGroup section */
		4CE9ED342541A48A0036A04D /* Main.storyboard */ = {
			isa = PBXVariantGroup;
			children = (
				4CE9ED352541A48A0036A04D /* Base */,
			);
			name = Main.storyboard;
			sourceTree = "<group>";
		};
		4CE9ED392541A48C0036A04D /* LaunchScreen.storyboard */ = {
			isa = PBXVariantGroup;
			children = (
				4CE9ED3A2541A48C0036A04D /* Base */,
			);
			name = LaunchScreen.storyboard;
			sourceTree = "<group>";
		};
/* End PBXVariantGroup section */

/* Begin XCBuildConfiguration section */
		4CE9ED3D2541A48C0036A04D /* Debug */ = {
			isa = XCBuildConfiguration;
			buildSettings = {
				ALWAYS_SEARCH_USER_PATHS = NO;
				CLANG_ANALYZER_NONNULL = YES;
				CLANG_ANALYZER_NUMBER_OBJECT_CONVERSION = YES_AGGRESSIVE;
				CLANG_CXX_LANGUAGE_STANDARD = "gnu++14";
				CLANG_CXX_LIBRARY = "libc++";
				CLANG_ENABLE_MODULES = YES;
				CLANG_ENABLE_OBJC_ARC = YES;
				CLANG_ENABLE_OBJC_WEAK = YES;
				CLANG_WARN_BLOCK_CAPTURE_AUTORELEASING = YES;
				CLANG_WARN_BOOL_CONVERSION = YES;
				CLANG_WARN_COMMA = YES;
				CLANG_WARN_CONSTANT_CONVERSION = YES;
				CLANG_WARN_DEPRECATED_OBJC_IMPLEMENTATIONS = YES;
				CLANG_WARN_DIRECT_OBJC_ISA_USAGE = YES_ERROR;
				CLANG_WARN_DOCUMENTATION_COMMENTS = YES;
				CLANG_WARN_EMPTY_BODY = YES;
				CLANG_WARN_ENUM_CONVERSION = YES;
				CLANG_WARN_INFINITE_RECURSION = YES;
				CLANG_WARN_INT_CONVERSION = YES;
				CLANG_WARN_NON_LITERAL_NULL_CONVERSION = YES;
				CLANG_WARN_OBJC_IMPLICIT_RETAIN_SELF = YES;
				CLANG_WARN_OBJC_LITERAL_CONVERSION = YES;
				CLANG_WARN_OBJC_ROOT_CLASS = YES_ERROR;
				CLANG_WARN_QUOTED_INCLUDE_IN_FRAMEWORK_HEADER = YES;
				CLANG_WARN_RANGE_LOOP_ANALYSIS = YES;
				CLANG_WARN_STRICT_PROTOTYPES = YES;
				CLANG_WARN_SUSPICIOUS_MOVE = YES;
				CLANG_WARN_UNGUARDED_AVAILABILITY = YES_AGGRESSIVE;
				CLANG_WARN_UNREACHABLE_CODE = YES;
				CLANG_WARN__DUPLICATE_METHOD_MATCH = YES;
				COPY_PHASE_STRIP = NO;
				DEBUG_INFORMATION_FORMAT = dwarf;
				ENABLE_STRICT_OBJC_MSGSEND = YES;
				ENABLE_TESTABILITY = YES;
				GCC_C_LANGUAGE_STANDARD = gnu11;
				GCC_DYNAMIC_NO_PIC = NO;
				GCC_NO_COMMON_BLOCKS = YES;
				GCC_OPTIMIZATION_LEVEL = 0;
				GCC_PREPROCESSOR_DEFINITIONS = (
					"DEBUG=1",
					"$(inherited)",
				);
				GCC_WARN_64_TO_32_BIT_CONVERSION = YES;
				GCC_WARN_ABOUT_RETURN_TYPE = YES_ERROR;
				GCC_WARN_UNDECLARED_SELECTOR = YES;
				GCC_WARN_UNINITIALIZED_AUTOS = YES_AGGRESSIVE;
				GCC_WARN_UNUSED_FUNCTION = YES;
				GCC_WARN_UNUSED_VARIABLE = YES;
				IPHONEOS_DEPLOYMENT_TARGET = 14.1;
				MTL_ENABLE_DEBUG_INFO = INCLUDE_SOURCE;
				MTL_FAST_MATH = YES;
				ONLY_ACTIVE_ARCH = YES;
				SDKROOT = iphoneos;
				SWIFT_ACTIVE_COMPILATION_CONDITIONS = DEBUG;
				SWIFT_OPTIMIZATION_LEVEL = "-Onone";
			};
			name = Debug;
		};
		4CE9ED3E2541A48C0036A04D /* Release */ = {
			isa = XCBuildConfiguration;
			buildSettings = {
				ALWAYS_SEARCH_USER_PATHS = NO;
				CLANG_ANALYZER_NONNULL = YES;
				CLANG_ANALYZER_NUMBER_OBJECT_CONVERSION = YES_AGGRESSIVE;
				CLANG_CXX_LANGUAGE_STANDARD = "gnu++14";
				CLANG_CXX_LIBRARY = "libc++";
				CLANG_ENABLE_MODULES = YES;
				CLANG_ENABLE_OBJC_ARC = YES;
				CLANG_ENABLE_OBJC_WEAK = YES;
				CLANG_WARN_BLOCK_CAPTURE_AUTORELEASING = YES;
				CLANG_WARN_BOOL_CONVERSION = YES;
				CLANG_WARN_COMMA = YES;
				CLANG_WARN_CONSTANT_CONVERSION = YES;
				CLANG_WARN_DEPRECATED_OBJC_IMPLEMENTATIONS = YES;
				CLANG_WARN_DIRECT_OBJC_ISA_USAGE = YES_ERROR;
				CLANG_WARN_DOCUMENTATION_COMMENTS = YES;
				CLANG_WARN_EMPTY_BODY = YES;
				CLANG_WARN_ENUM_CONVERSION = YES;
				CLANG_WARN_INFINITE_RECURSION = YES;
				CLANG_WARN_INT_CONVERSION = YES;
				CLANG_WARN_NON_LITERAL_NULL_CONVERSION = YES;
				CLANG_WARN_OBJC_IMPLICIT_RETAIN_SELF = YES;
				CLANG_WARN_OBJC_LITERAL_CONVERSION = YES;
				CLANG_WARN_OBJC_ROOT_CLASS = YES_ERROR;
				CLANG_WARN_QUOTED_INCLUDE_IN_FRAMEWORK_HEADER = YES;
				CLANG_WARN_RANGE_LOOP_ANALYSIS = YES;
				CLANG_WARN_STRICT_PROTOTYPES = YES;
				CLANG_WARN_SUSPICIOUS_MOVE = YES;
				CLANG_WARN_UNGUARDED_AVAILABILITY = YES_AGGRESSIVE;
				CLANG_WARN_UNREACHABLE_CODE = YES;
				CLANG_WARN__DUPLICATE_METHOD_MATCH = YES;
				COPY_PHASE_STRIP = NO;
				DEBUG_INFORMATION_FORMAT = "dwarf-with-dsym";
				ENABLE_NS_ASSERTIONS = NO;
				ENABLE_STRICT_OBJC_MSGSEND = YES;
				GCC_C_LANGUAGE_STANDARD = gnu11;
				GCC_NO_COMMON_BLOCKS = YES;
				GCC_WARN_64_TO_32_BIT_CONVERSION = YES;
				GCC_WARN_ABOUT_RETURN_TYPE = YES_ERROR;
				GCC_WARN_UNDECLARED_SELECTOR = YES;
				GCC_WARN_UNINITIALIZED_AUTOS = YES_AGGRESSIVE;
				GCC_WARN_UNUSED_FUNCTION = YES;
				GCC_WARN_UNUSED_VARIABLE = YES;
				IPHONEOS_DEPLOYMENT_TARGET = 14.1;
				MTL_ENABLE_DEBUG_INFO = NO;
				MTL_FAST_MATH = YES;
				SDKROOT = iphoneos;
				SWIFT_COMPILATION_MODE = wholemodule;
				SWIFT_OPTIMIZATION_LEVEL = "-O";
				VALIDATE_PRODUCT = YES;
			};
			name = Release;
		};
		4CE9ED402541A48C0036A04D /* Debug */ = {
			isa = XCBuildConfiguration;
			buildSettings = {
				ASSETCATALOG_COMPILER_APPICON_NAME = AppIcon;
				ASSETCATALOG_COMPILER_GLOBAL_ACCENT_COLOR_NAME = AccentColor;
				CODE_SIGN_STYLE = Automatic;
				DEVELOPMENT_TEAM = 94YB87WN6W;
				INFOPLIST_FILE = CarListApp/Info.plist;
				LD_RUNPATH_SEARCH_PATHS = (
					"$(inherited)",
					"@executable_path/Frameworks",
				);
				PRODUCT_BUNDLE_IDENTIFIER = Pietrzak.CarListApp;
				PRODUCT_NAME = "$(TARGET_NAME)";
				SWIFT_VERSION = 5.0;
				TARGETED_DEVICE_FAMILY = "1,2";
			};
			name = Debug;
		};
		4CE9ED412541A48C0036A04D /* Release */ = {
			isa = XCBuildConfiguration;
			buildSettings = {
				ASSETCATALOG_COMPILER_APPICON_NAME = AppIcon;
				ASSETCATALOG_COMPILER_GLOBAL_ACCENT_COLOR_NAME = AccentColor;
				CODE_SIGN_STYLE = Automatic;
				DEVELOPMENT_TEAM = 94YB87WN6W;
				INFOPLIST_FILE = CarListApp/Info.plist;
				LD_RUNPATH_SEARCH_PATHS = (
					"$(inherited)",
					"@executable_path/Frameworks",
				);
				PRODUCT_BUNDLE_IDENTIFIER = Pietrzak.CarListApp;
				PRODUCT_NAME = "$(TARGET_NAME)";
				SWIFT_VERSION = 5.0;
				TARGETED_DEVICE_FAMILY = "1,2";
			};
			name = Release;
		};
/* End XCBuildConfiguration section */

/* Begin XCConfigurationList section */
		4CE9ED262541A48A0036A04D /* Build configuration list for PBXProject "CarListApp" */ = {
			isa = XCConfigurationList;
			buildConfigurations = (
				4CE9ED3D2541A48C0036A04D /* Debug */,
				4CE9ED3E2541A48C0036A04D /* Release */,
			);
			defaultConfigurationIsVisible = 0;
			defaultConfigurationName = Release;
		};
		4CE9ED3F2541A48C0036A04D /* Build configuration list for PBXNativeTarget "CarListApp" */ = {
			isa = XCConfigurationList;
			buildConfigurations = (
				4CE9ED402541A48C0036A04D /* Debug */,
				4CE9ED412541A48C0036A04D /* Release */,
			);
			defaultConfigurationIsVisible = 0;
			defaultConfigurationName = Release;
		};
/* End XCConfigurationList section */
	};
	rootObject = 4CE9ED232541A48A0036A04D /* Project object */;
}
